
Microsoft Visual Studio Solution File, Format Version 12.00
Project("{FAE04EC0-301F-11D3-BF4B-00C04F79EFBC}") = "CrmNx.pfx2pem", "CrmNx.pfx2pem\CrmNx.pfx2pem.csproj", "{FB724C5E-943C-4775-ABAD-13C0954E2022}"
EndProject
Global
	GlobalSection(SolutionConfigurationPlatforms) = preSolution
		Debug|Any CPU = Debug|Any CPU
		Release|Any CPU = Release|Any CPU
	EndGlobalSection
	GlobalSection(ProjectConfigurationPlatforms) = postSolution
		{FB724C5E-943C-4775-ABAD-13C0954E2022}.Debug|Any CPU.ActiveCfg = Debug|Any CPU
		{FB724C5E-943C-4775-ABAD-13C0954E2022}.Debug|Any CPU.Build.0 = Debug|Any CPU
		{FB724C5E-943C-4775-ABAD-13C0954E2022}.Release|Any CPU.ActiveCfg = Release|Any CPU
		{FB724C5E-943C-4775-ABAD-13C0954E2022}.Release|Any CPU.Build.0 = Release|Any CPU
	EndGlobalSection
EndGlobal
